
Microsoft Visual Studio Solution File, Format Version 10.00
# Visual C# Express 2008
Project("{FAE04EC0-301F-11D3-BF4B-00C04F79EFBC}") = "mainproj", "mainproj\mainproj.csproj", "{B9F461E9-8FEC-4766-8CAA-7130CFBD23C1}"
EndProject
Project("{FAE04EC0-301F-11D3-BF4B-00C04F79EFBC}") = "qsort", "qsort\qsort.csproj", "{666B1A04-9CB6-4A28-8CC1-B52FE146C21F}"
EndProject
Global
	GlobalSection(SolutionConfigurationPlatforms) = preSolution
		Debug|Any CPU = Debug|Any CPU
		Release|Any CPU = Release|Any CPU
	EndGlobalSection
	GlobalSection(ProjectConfigurationPlatforms) = postSolution
		{B9F461E9-8FEC-4766-8CAA-7130CFBD23C1}.Debug|Any CPU.ActiveCfg = Debug|Any CPU
		{B9F461E9-8FEC-4766-8CAA-7130CFBD23C1}.Debug|Any CPU.Build.0 = Debug|Any CPU
		{B9F461E9-8FEC-4766-8CAA-7130CFBD23C1}.Release|Any CPU.ActiveCfg = Release|Any CPU
		{B9F461E9-8FEC-4766-8CAA-7130CFBD23C1}.Release|Any CPU.Build.0 = Release|Any CPU
		{666B1A04-9CB6-4A28-8CC1-B52FE146C21F}.Debug|Any CPU.ActiveCfg = Debug|Any CPU
		{666B1A04-9CB6-4A28-8CC1-B52FE146C21F}.Debug|Any CPU.Build.0 = Debug|Any CPU
		{666B1A04-9CB6-4A28-8CC1-B52FE146C21F}.Release|Any CPU.ActiveCfg = Release|Any CPU
		{666B1A04-9CB6-4A28-8CC1-B52FE146C21F}.Release|Any CPU.Build.0 = Release|Any CPU
	EndGlobalSection
	GlobalSection(SolutionProperties) = preSolution
		HideSolutionNode = FALSE
	EndGlobalSection
EndGlobal
