
Microsoft Visual Studio Solution File, Format Version 10.00
# Visual Studio 2008
Project("{FAE04EC0-301F-11D3-BF4B-00C04F79EFBC}") = "RandomHelloWorld", "RandomHelloWorld\RandomHelloWorld.csproj", "{1A8C7C12-6AE7-449E-81CA-05CD6B36743C}"
EndProject
Project("{FAE04EC0-301F-11D3-BF4B-00C04F79EFBC}") = "RandomPrint", "RandomPrint\RandomPrint.csproj", "{8A066B2E-4CC3-48A9-AED7-8A6CE8F60883}"
	ProjectSection(ProjectDependencies) = postProject
		{1A8C7C12-6AE7-449E-81CA-05CD6B36743C} = {1A8C7C12-6AE7-449E-81CA-05CD6B36743C}
	EndProjectSection
EndProject
Global
	GlobalSection(SolutionConfigurationPlatforms) = preSolution
		Debug|Any CPU = Debug|Any CPU
		Release|Any CPU = Release|Any CPU
	EndGlobalSection
	GlobalSection(ProjectConfigurationPlatforms) = postSolution
		{1A8C7C12-6AE7-449E-81CA-05CD6B36743C}.Debug|Any CPU.ActiveCfg = Debug|Any CPU
		{1A8C7C12-6AE7-449E-81CA-05CD6B36743C}.Debug|Any CPU.Build.0 = Debug|Any CPU
		{1A8C7C12-6AE7-449E-81CA-05CD6B36743C}.Release|Any CPU.ActiveCfg = Release|Any CPU
		{1A8C7C12-6AE7-449E-81CA-05CD6B36743C}.Release|Any CPU.Build.0 = Release|Any CPU
		{8A066B2E-4CC3-48A9-AED7-8A6CE8F60883}.Debug|Any CPU.ActiveCfg = Debug|Any CPU
		{8A066B2E-4CC3-48A9-AED7-8A6CE8F60883}.Debug|Any CPU.Build.0 = Debug|Any CPU
		{8A066B2E-4CC3-48A9-AED7-8A6CE8F60883}.Release|Any CPU.ActiveCfg = Release|Any CPU
		{8A066B2E-4CC3-48A9-AED7-8A6CE8F60883}.Release|Any CPU.Build.0 = Release|Any CPU
	EndGlobalSection
	GlobalSection(SolutionProperties) = preSolution
		HideSolutionNode = FALSE
	EndGlobalSection
EndGlobal
