
Microsoft Visual Studio Solution File, Format Version 10.00
# Visual Studio 2008
Project("{FAE04EC0-301F-11D3-BF4B-00C04F79EFBC}") = "GUI", "GUI\GUI.csproj", "{53E59949-F22D-44F0-8DCF-567F13AEF176}"
EndProject
Project("{FAE04EC0-301F-11D3-BF4B-00C04F79EFBC}") = "DB3", "DB3\DB3.csproj", "{2C61F32F-F0C2-4888-963D-B4562E9F0822}"
EndProject
Global
	GlobalSection(SolutionConfigurationPlatforms) = preSolution
		Debug|Any CPU = Debug|Any CPU
		Release|Any CPU = Release|Any CPU
	EndGlobalSection
	GlobalSection(ProjectConfigurationPlatforms) = postSolution
		{53E59949-F22D-44F0-8DCF-567F13AEF176}.Debug|Any CPU.ActiveCfg = Debug|Any CPU
		{53E59949-F22D-44F0-8DCF-567F13AEF176}.Debug|Any CPU.Build.0 = Debug|Any CPU
		{53E59949-F22D-44F0-8DCF-567F13AEF176}.Release|Any CPU.ActiveCfg = Release|Any CPU
		{53E59949-F22D-44F0-8DCF-567F13AEF176}.Release|Any CPU.Build.0 = Release|Any CPU
		{2C61F32F-F0C2-4888-963D-B4562E9F0822}.Debug|Any CPU.ActiveCfg = Debug|Any CPU
		{2C61F32F-F0C2-4888-963D-B4562E9F0822}.Debug|Any CPU.Build.0 = Debug|Any CPU
		{2C61F32F-F0C2-4888-963D-B4562E9F0822}.Release|Any CPU.ActiveCfg = Release|Any CPU
		{2C61F32F-F0C2-4888-963D-B4562E9F0822}.Release|Any CPU.Build.0 = Release|Any CPU
	EndGlobalSection
	GlobalSection(SolutionProperties) = preSolution
		HideSolutionNode = FALSE
	EndGlobalSection
EndGlobal
